
Microsoft Visual Studio Solution File, Format Version 12.00
# Visual Studio Version 16
VisualStudioVersion = 16.0.30804.86
MinimumVisualStudioVersion = 10.0.40219.1
Project("{FAE04EC0-301F-11D3-BF4B-00C04F79EFBC}") = "TwitterMontior", "TwitterMontior\TwitterMontior.csproj", "{E9252D7E-335F-4E36-99A1-D919A626A6C2}"
EndProject
Project("{FAE04EC0-301F-11D3-BF4B-00C04F79EFBC}") = "LeaderBoardWebApi", "LeaderBoardWebApi\LeaderBoardWebApi.csproj", "{6B7F6740-3B8C-4E84-8CB6-858FD0561A01}"
EndProject
Global
	GlobalSection(SolutionConfigurationPlatforms) = preSolution
		Debug|Any CPU = Debug|Any CPU
		Release|Any CPU = Release|Any CPU
	EndGlobalSection
	GlobalSection(ProjectConfigurationPlatforms) = postSolution
		{E9252D7E-335F-4E36-99A1-D919A626A6C2}.Debug|Any CPU.ActiveCfg = Debug|Any CPU
		{E9252D7E-335F-4E36-99A1-D919A626A6C2}.Debug|Any CPU.Build.0 = Debug|Any CPU
		{E9252D7E-335F-4E36-99A1-D919A626A6C2}.Release|Any CPU.ActiveCfg = Release|Any CPU
		{E9252D7E-335F-4E36-99A1-D919A626A6C2}.Release|Any CPU.Build.0 = Release|Any CPU
		{6B7F6740-3B8C-4E84-8CB6-858FD0561A01}.Debug|Any CPU.ActiveCfg = Debug|Any CPU
		{6B7F6740-3B8C-4E84-8CB6-858FD0561A01}.Debug|Any CPU.Build.0 = Debug|Any CPU
		{6B7F6740-3B8C-4E84-8CB6-858FD0561A01}.Release|Any CPU.ActiveCfg = Release|Any CPU
		{6B7F6740-3B8C-4E84-8CB6-858FD0561A01}.Release|Any CPU.Build.0 = Release|Any CPU
	EndGlobalSection
	GlobalSection(SolutionProperties) = preSolution
		HideSolutionNode = FALSE
	EndGlobalSection
	GlobalSection(ExtensibilityGlobals) = postSolution
		SolutionGuid = {4A84D141-757C-4D76-AA4B-A09B07C7AED7}
	EndGlobalSection
EndGlobal
